
Microsoft Visual Studio Solution File, Format Version 12.00
# Visual Studio Version 16
VisualStudioVersion = 16.0.29613.14
MinimumVisualStudioVersion = 10.0.40219.1
Project("{2150E333-8FDC-42A3-9474-1A3956D46DE8}") = "Services", "Services", "{6D8FAD73-F8D4-4897-8CDC-DEBC254FC3B5}"
EndProject
Project("{2150E333-8FDC-42A3-9474-1A3956D46DE8}") = "WebApps", "WebApps", "{402FF657-09EE-4E41-BD46-67EA2F42103F}"
EndProject
Project("{2150E333-8FDC-42A3-9474-1A3956D46DE8}") = "Cadastros", "Cadastros", "{A88C7FAB-B876-4CA1-96AC-F499DFFFB80D}"
EndProject
Project("{2150E333-8FDC-42A3-9474-1A3956D46DE8}") = "Catalogo", "Catalogo", "{813E2A68-7338-44B4-8480-890E6F5144DA}"
EndProject
Project("{2150E333-8FDC-42A3-9474-1A3956D46DE8}") = "Core", "Core", "{FEAE0A6C-E510-4DBA-88FF-F800632EE53A}"
EndProject
Project("{2150E333-8FDC-42A3-9474-1A3956D46DE8}") = "Fiscal", "Fiscal", "{CD1E41F7-3CF1-40DB-A42E-E2A38290935A}"
EndProject
Project("{2150E333-8FDC-42A3-9474-1A3956D46DE8}") = "Pagamentos", "Pagamentos", "{3BFAD3C3-C2B7-4E74-8883-9B5D8881F670}"
EndProject
Project("{2150E333-8FDC-42A3-9474-1A3956D46DE8}") = "Vendas", "Vendas", "{BFA1E89B-F987-4BA6-8E8C-7120969AD117}"
EndProject
Project("{9A19103F-16F7-4668-BE54-9A1E7A4F7556}") = "MyDDDStore.Catalogo.Domain", "src\MyDDDStore.Catalogo.Domain\MyDDDStore.Catalogo.Domain.csproj", "{E3CE5DD5-6194-40E0-8C57-360153DDC566}"
EndProject
Project("{9A19103F-16F7-4668-BE54-9A1E7A4F7556}") = "MyDDDStore.Core", "src\MyDDDStore.Core\MyDDDStore.Core.csproj", "{4882837D-B8A7-4839-8066-318E91D7E529}"
EndProject
Project("{2150E333-8FDC-42A3-9474-1A3956D46DE8}") = "Tests", "Tests", "{7060E61D-9B73-4EEF-AFD1-E1F45B3C1BB7}"
EndProject
Project("{9A19103F-16F7-4668-BE54-9A1E7A4F7556}") = "MyDDDStore.Catalogo.Domain.Tests", "tests\MyDDDStore.Catalogo.Domain.Tests\MyDDDStore.Catalogo.Domain.Tests.csproj", "{D1D414BB-8CDE-4CB0-A125-6D6BA1F0A59C}"
EndProject
Project("{9A19103F-16F7-4668-BE54-9A1E7A4F7556}") = "MyDDDStore.Catalogo.Data", "src\MyDDDStore.Catalogo.Data\MyDDDStore.Catalogo.Data.csproj", "{BDF8596E-60DB-402B-859F-D158E9052475}"
EndProject
Project("{9A19103F-16F7-4668-BE54-9A1E7A4F7556}") = "MyDDDStore.Catalogo.Application", "src\MyDDDStore.Catalogo.Application\MyDDDStore.Catalogo.Application.csproj", "{E69FE61B-795A-467E-8E98-49846D1A9645}"
EndProject
Project("{9A19103F-16F7-4668-BE54-9A1E7A4F7556}") = "MyDDDStore.WebApp.MVC", "src\MyDDDStore.WebApp.MVC\MyDDDStore.WebApp.MVC.csproj", "{F5658985-8030-4047-AC7A-1F7F52470D7B}"
EndProject
Project("{9A19103F-16F7-4668-BE54-9A1E7A4F7556}") = "MyDDDStore.Vendas.Domain", "src\MyDDDStore.Vendas.Domain\MyDDDStore.Vendas.Domain.csproj", "{AA70E54C-B861-4D4E-B10E-C4E59AEA23B2}"
EndProject
Project("{9A19103F-16F7-4668-BE54-9A1E7A4F7556}") = "MyDDDStore.Vendas.Application", "src\MyDDDStore.Vendas.Application\MyDDDStore.Vendas.Application.csproj", "{B5AC8545-4744-41F4-9578-3182674AB647}"
EndProject
Project("{9A19103F-16F7-4668-BE54-9A1E7A4F7556}") = "MyDDDStore.Vendas.Data", "src\MyDDDStore.Vendas.Data\MyDDDStore.Vendas.Data.csproj", "{FB0C2DFA-D103-45FA-AB55-97C2E2A140DE}"
EndProject
Project("{FAE04EC0-301F-11D3-BF4B-00C04F79EFBC}") = "MyDDDStore.Pagamentos.AntiCorruption", "src\MyDDDStore.Pagamentos.AntiCorruption\MyDDDStore.Pagamentos.AntiCorruption.csproj", "{A0FC8D33-400A-44F6-9541-30AF8D5F1F8A}"
EndProject
Project("{FAE04EC0-301F-11D3-BF4B-00C04F79EFBC}") = "MyDDDStore.Pagamentos.Business", "src\MyDDDStore.Pagamentos.Business\MyDDDStore.Pagamentos.Business.csproj", "{F0F51C32-CFA2-4167-83B0-33C5043077DA}"
EndProject
Project("{FAE04EC0-301F-11D3-BF4B-00C04F79EFBC}") = "MyDDDStore.Pagamentos.Data", "src\MyDDDStore.Pagamentos.Data\MyDDDStore.Pagamentos.Data.csproj", "{07C9D1D2-D689-46D8-9D14-B856D86997A3}"
EndProject
Global
	GlobalSection(SolutionConfigurationPlatforms) = preSolution
		Debug|Any CPU = Debug|Any CPU
		Release|Any CPU = Release|Any CPU
	EndGlobalSection
	GlobalSection(ProjectConfigurationPlatforms) = postSolution
		{E3CE5DD5-6194-40E0-8C57-360153DDC566}.Debug|Any CPU.ActiveCfg = Debug|Any CPU
		{E3CE5DD5-6194-40E0-8C57-360153DDC566}.Debug|Any CPU.Build.0 = Debug|Any CPU
		{E3CE5DD5-6194-40E0-8C57-360153DDC566}.Release|Any CPU.ActiveCfg = Release|Any CPU
		{E3CE5DD5-6194-40E0-8C57-360153DDC566}.Release|Any CPU.Build.0 = Release|Any CPU
		{4882837D-B8A7-4839-8066-318E91D7E529}.Debug|Any CPU.ActiveCfg = Debug|Any CPU
		{4882837D-B8A7-4839-8066-318E91D7E529}.Debug|Any CPU.Build.0 = Debug|Any CPU
		{4882837D-B8A7-4839-8066-318E91D7E529}.Release|Any CPU.ActiveCfg = Release|Any CPU
		{4882837D-B8A7-4839-8066-318E91D7E529}.Release|Any CPU.Build.0 = Release|Any CPU
		{D1D414BB-8CDE-4CB0-A125-6D6BA1F0A59C}.Debug|Any CPU.ActiveCfg = Debug|Any CPU
		{D1D414BB-8CDE-4CB0-A125-6D6BA1F0A59C}.Debug|Any CPU.Build.0 = Debug|Any CPU
		{D1D414BB-8CDE-4CB0-A125-6D6BA1F0A59C}.Release|Any CPU.ActiveCfg = Release|Any CPU
		{D1D414BB-8CDE-4CB0-A125-6D6BA1F0A59C}.Release|Any CPU.Build.0 = Release|Any CPU
		{BDF8596E-60DB-402B-859F-D158E9052475}.Debug|Any CPU.ActiveCfg = Debug|Any CPU
		{BDF8596E-60DB-402B-859F-D158E9052475}.Debug|Any CPU.Build.0 = Debug|Any CPU
		{BDF8596E-60DB-402B-859F-D158E9052475}.Release|Any CPU.ActiveCfg = Release|Any CPU
		{BDF8596E-60DB-402B-859F-D158E9052475}.Release|Any CPU.Build.0 = Release|Any CPU
		{E69FE61B-795A-467E-8E98-49846D1A9645}.Debug|Any CPU.ActiveCfg = Debug|Any CPU
		{E69FE61B-795A-467E-8E98-49846D1A9645}.Debug|Any CPU.Build.0 = Debug|Any CPU
		{E69FE61B-795A-467E-8E98-49846D1A9645}.Release|Any CPU.ActiveCfg = Release|Any CPU
		{E69FE61B-795A-467E-8E98-49846D1A9645}.Release|Any CPU.Build.0 = Release|Any CPU
		{F5658985-8030-4047-AC7A-1F7F52470D7B}.Debug|Any CPU.ActiveCfg = Debug|Any CPU
		{F5658985-8030-4047-AC7A-1F7F52470D7B}.Debug|Any CPU.Build.0 = Debug|Any CPU
		{F5658985-8030-4047-AC7A-1F7F52470D7B}.Release|Any CPU.ActiveCfg = Release|Any CPU
		{F5658985-8030-4047-AC7A-1F7F52470D7B}.Release|Any CPU.Build.0 = Release|Any CPU
		{AA70E54C-B861-4D4E-B10E-C4E59AEA23B2}.Debug|Any CPU.ActiveCfg = Debug|Any CPU
		{AA70E54C-B861-4D4E-B10E-C4E59AEA23B2}.Debug|Any CPU.Build.0 = Debug|Any CPU
		{AA70E54C-B861-4D4E-B10E-C4E59AEA23B2}.Release|Any CPU.ActiveCfg = Release|Any CPU
		{AA70E54C-B861-4D4E-B10E-C4E59AEA23B2}.Release|Any CPU.Build.0 = Release|Any CPU
		{B5AC8545-4744-41F4-9578-3182674AB647}.Debug|Any CPU.ActiveCfg = Debug|Any CPU
		{B5AC8545-4744-41F4-9578-3182674AB647}.Debug|Any CPU.Build.0 = Debug|Any CPU
		{B5AC8545-4744-41F4-9578-3182674AB647}.Release|Any CPU.ActiveCfg = Release|Any CPU
		{B5AC8545-4744-41F4-9578-3182674AB647}.Release|Any CPU.Build.0 = Release|Any CPU
		{FB0C2DFA-D103-45FA-AB55-97C2E2A140DE}.Debug|Any CPU.ActiveCfg = Debug|Any CPU
		{FB0C2DFA-D103-45FA-AB55-97C2E2A140DE}.Debug|Any CPU.Build.0 = Debug|Any CPU
		{FB0C2DFA-D103-45FA-AB55-97C2E2A140DE}.Release|Any CPU.ActiveCfg = Release|Any CPU
		{FB0C2DFA-D103-45FA-AB55-97C2E2A140DE}.Release|Any CPU.Build.0 = Release|Any CPU
		{A0FC8D33-400A-44F6-9541-30AF8D5F1F8A}.Debug|Any CPU.ActiveCfg = Debug|Any CPU
		{A0FC8D33-400A-44F6-9541-30AF8D5F1F8A}.Debug|Any CPU.Build.0 = Debug|Any CPU
		{A0FC8D33-400A-44F6-9541-30AF8D5F1F8A}.Release|Any CPU.ActiveCfg = Release|Any CPU
		{A0FC8D33-400A-44F6-9541-30AF8D5F1F8A}.Release|Any CPU.Build.0 = Release|Any CPU
		{F0F51C32-CFA2-4167-83B0-33C5043077DA}.Debug|Any CPU.ActiveCfg = Debug|Any CPU
		{F0F51C32-CFA2-4167-83B0-33C5043077DA}.Debug|Any CPU.Build.0 = Debug|Any CPU
		{F0F51C32-CFA2-4167-83B0-33C5043077DA}.Release|Any CPU.ActiveCfg = Release|Any CPU
		{F0F51C32-CFA2-4167-83B0-33C5043077DA}.Release|Any CPU.Build.0 = Release|Any CPU
		{07C9D1D2-D689-46D8-9D14-B856D86997A3}.Debug|Any CPU.ActiveCfg = Debug|Any CPU
		{07C9D1D2-D689-46D8-9D14-B856D86997A3}.Debug|Any CPU.Build.0 = Debug|Any CPU
		{07C9D1D2-D689-46D8-9D14-B856D86997A3}.Release|Any CPU.ActiveCfg = Release|Any CPU
		{07C9D1D2-D689-46D8-9D14-B856D86997A3}.Release|Any CPU.Build.0 = Release|Any CPU
	EndGlobalSection
	GlobalSection(SolutionProperties) = preSolution
		HideSolutionNode = FALSE
	EndGlobalSection
	GlobalSection(NestedProjects) = preSolution
		{A88C7FAB-B876-4CA1-96AC-F499DFFFB80D} = {6D8FAD73-F8D4-4897-8CDC-DEBC254FC3B5}
		{813E2A68-7338-44B4-8480-890E6F5144DA} = {6D8FAD73-F8D4-4897-8CDC-DEBC254FC3B5}
		{FEAE0A6C-E510-4DBA-88FF-F800632EE53A} = {6D8FAD73-F8D4-4897-8CDC-DEBC254FC3B5}
		{CD1E41F7-3CF1-40DB-A42E-E2A38290935A} = {6D8FAD73-F8D4-4897-8CDC-DEBC254FC3B5}
		{3BFAD3C3-C2B7-4E74-8883-9B5D8881F670} = {6D8FAD73-F8D4-4897-8CDC-DEBC254FC3B5}
		{BFA1E89B-F987-4BA6-8E8C-7120969AD117} = {6D8FAD73-F8D4-4897-8CDC-DEBC254FC3B5}
		{E3CE5DD5-6194-40E0-8C57-360153DDC566} = {813E2A68-7338-44B4-8480-890E6F5144DA}
		{4882837D-B8A7-4839-8066-318E91D7E529} = {FEAE0A6C-E510-4DBA-88FF-F800632EE53A}
		{7060E61D-9B73-4EEF-AFD1-E1F45B3C1BB7} = {813E2A68-7338-44B4-8480-890E6F5144DA}
		{D1D414BB-8CDE-4CB0-A125-6D6BA1F0A59C} = {7060E61D-9B73-4EEF-AFD1-E1F45B3C1BB7}
		{BDF8596E-60DB-402B-859F-D158E9052475} = {813E2A68-7338-44B4-8480-890E6F5144DA}
		{E69FE61B-795A-467E-8E98-49846D1A9645} = {813E2A68-7338-44B4-8480-890E6F5144DA}
		{F5658985-8030-4047-AC7A-1F7F52470D7B} = {402FF657-09EE-4E41-BD46-67EA2F42103F}
		{AA70E54C-B861-4D4E-B10E-C4E59AEA23B2} = {BFA1E89B-F987-4BA6-8E8C-7120969AD117}
		{B5AC8545-4744-41F4-9578-3182674AB647} = {BFA1E89B-F987-4BA6-8E8C-7120969AD117}
		{FB0C2DFA-D103-45FA-AB55-97C2E2A140DE} = {BFA1E89B-F987-4BA6-8E8C-7120969AD117}
		{A0FC8D33-400A-44F6-9541-30AF8D5F1F8A} = {3BFAD3C3-C2B7-4E74-8883-9B5D8881F670}
		{F0F51C32-CFA2-4167-83B0-33C5043077DA} = {3BFAD3C3-C2B7-4E74-8883-9B5D8881F670}
		{07C9D1D2-D689-46D8-9D14-B856D86997A3} = {3BFAD3C3-C2B7-4E74-8883-9B5D8881F670}
	EndGlobalSection
	GlobalSection(ExtensibilityGlobals) = postSolution
		SolutionGuid = {E1E3D39B-5EC2-47E2-8651-E813CF9D41A1}
	EndGlobalSection
EndGlobal
