
Microsoft Visual Studio Solution File, Format Version 12.00
# Visual Studio Version 16
VisualStudioVersion = 16.0.29613.14
MinimumVisualStudioVersion = 10.0.40219.1
Project("{2150E333-8FDC-42A3-9474-1A3956D46DE8}") = "Services", "Services", "{6D8FAD73-F8D4-4897-8CDC-DEBC254FC3B5}"
EndProject
Project("{2150E333-8FDC-42A3-9474-1A3956D46DE8}") = "WebApps", "WebApps", "{402FF657-09EE-4E41-BD46-67EA2F42103F}"
EndProject
Project("{2150E333-8FDC-42A3-9474-1A3956D46DE8}") = "Cadastros", "Cadastros", "{A88C7FAB-B876-4CA1-96AC-F499DFFFB80D}"
EndProject
Project("{2150E333-8FDC-42A3-9474-1A3956D46DE8}") = "Catalogo", "Catalogo", "{813E2A68-7338-44B4-8480-890E6F5144DA}"
EndProject
Project("{2150E333-8FDC-42A3-9474-1A3956D46DE8}") = "Core", "Core", "{FEAE0A6C-E510-4DBA-88FF-F800632EE53A}"
EndProject
Project("{2150E333-8FDC-42A3-9474-1A3956D46DE8}") = "Fiscal", "Fiscal", "{CD1E41F7-3CF1-40DB-A42E-E2A38290935A}"
EndProject
Project("{2150E333-8FDC-42A3-9474-1A3956D46DE8}") = "Pagamentos", "Pagamentos", "{3BFAD3C3-C2B7-4E74-8883-9B5D8881F670}"
EndProject
Project("{2150E333-8FDC-42A3-9474-1A3956D46DE8}") = "Vendas", "Vendas", "{BFA1E89B-F987-4BA6-8E8C-7120969AD117}"
EndProject
Project("{FAE04EC0-301F-11D3-BF4B-00C04F79EFBC}") = "MyDDDStore.Catalogo.Domain", "src\MyDDDStore.Catalogo.Domain\MyDDDStore.Catalogo.Domain.csproj", "{E3CE5DD5-6194-40E0-8C57-360153DDC566}"
EndProject
Project("{FAE04EC0-301F-11D3-BF4B-00C04F79EFBC}") = "MyDDDStore.Core", "src\MyDDDStore.Core\MyDDDStore.Core.csproj", "{4882837D-B8A7-4839-8066-318E91D7E529}"
EndProject
Project("{2150E333-8FDC-42A3-9474-1A3956D46DE8}") = "Tests", "Tests", "{7060E61D-9B73-4EEF-AFD1-E1F45B3C1BB7}"
EndProject
Project("{FAE04EC0-301F-11D3-BF4B-00C04F79EFBC}") = "MyDDDStore.Catalogo.Domain.Tests", "tests\MyDDDStore.Catalogo.Domain.Tests\MyDDDStore.Catalogo.Domain.Tests.csproj", "{D1D414BB-8CDE-4CB0-A125-6D6BA1F0A59C}"
EndProject
Global
	GlobalSection(SolutionConfigurationPlatforms) = preSolution
		Debug|Any CPU = Debug|Any CPU
		Release|Any CPU = Release|Any CPU
	EndGlobalSection
	GlobalSection(ProjectConfigurationPlatforms) = postSolution
		{E3CE5DD5-6194-40E0-8C57-360153DDC566}.Debug|Any CPU.ActiveCfg = Debug|Any CPU
		{E3CE5DD5-6194-40E0-8C57-360153DDC566}.Debug|Any CPU.Build.0 = Debug|Any CPU
		{E3CE5DD5-6194-40E0-8C57-360153DDC566}.Release|Any CPU.ActiveCfg = Release|Any CPU
		{E3CE5DD5-6194-40E0-8C57-360153DDC566}.Release|Any CPU.Build.0 = Release|Any CPU
		{4882837D-B8A7-4839-8066-318E91D7E529}.Debug|Any CPU.ActiveCfg = Debug|Any CPU
		{4882837D-B8A7-4839-8066-318E91D7E529}.Debug|Any CPU.Build.0 = Debug|Any CPU
		{4882837D-B8A7-4839-8066-318E91D7E529}.Release|Any CPU.ActiveCfg = Release|Any CPU
		{4882837D-B8A7-4839-8066-318E91D7E529}.Release|Any CPU.Build.0 = Release|Any CPU
		{D1D414BB-8CDE-4CB0-A125-6D6BA1F0A59C}.Debug|Any CPU.ActiveCfg = Debug|Any CPU
		{D1D414BB-8CDE-4CB0-A125-6D6BA1F0A59C}.Debug|Any CPU.Build.0 = Debug|Any CPU
		{D1D414BB-8CDE-4CB0-A125-6D6BA1F0A59C}.Release|Any CPU.ActiveCfg = Release|Any CPU
		{D1D414BB-8CDE-4CB0-A125-6D6BA1F0A59C}.Release|Any CPU.Build.0 = Release|Any CPU
	EndGlobalSection
	GlobalSection(SolutionProperties) = preSolution
		HideSolutionNode = FALSE
	EndGlobalSection
	GlobalSection(NestedProjects) = preSolution
		{A88C7FAB-B876-4CA1-96AC-F499DFFFB80D} = {6D8FAD73-F8D4-4897-8CDC-DEBC254FC3B5}
		{813E2A68-7338-44B4-8480-890E6F5144DA} = {6D8FAD73-F8D4-4897-8CDC-DEBC254FC3B5}
		{FEAE0A6C-E510-4DBA-88FF-F800632EE53A} = {6D8FAD73-F8D4-4897-8CDC-DEBC254FC3B5}
		{CD1E41F7-3CF1-40DB-A42E-E2A38290935A} = {6D8FAD73-F8D4-4897-8CDC-DEBC254FC3B5}
		{3BFAD3C3-C2B7-4E74-8883-9B5D8881F670} = {6D8FAD73-F8D4-4897-8CDC-DEBC254FC3B5}
		{BFA1E89B-F987-4BA6-8E8C-7120969AD117} = {6D8FAD73-F8D4-4897-8CDC-DEBC254FC3B5}
		{E3CE5DD5-6194-40E0-8C57-360153DDC566} = {813E2A68-7338-44B4-8480-890E6F5144DA}
		{4882837D-B8A7-4839-8066-318E91D7E529} = {FEAE0A6C-E510-4DBA-88FF-F800632EE53A}
		{7060E61D-9B73-4EEF-AFD1-E1F45B3C1BB7} = {813E2A68-7338-44B4-8480-890E6F5144DA}
		{D1D414BB-8CDE-4CB0-A125-6D6BA1F0A59C} = {7060E61D-9B73-4EEF-AFD1-E1F45B3C1BB7}
	EndGlobalSection
	GlobalSection(ExtensibilityGlobals) = postSolution
		SolutionGuid = {E1E3D39B-5EC2-47E2-8651-E813CF9D41A1}
	EndGlobalSection
EndGlobal
